{
  "name": "hxbitecs",
  "version": "0.0.0",
  "lockfileVersion": 2,
  "requires": true,
  "packages": {
    "": {
      "name": "hxbitecs",
      "version": "0.0.0",
      "license": "MIT",
      "dependencies": {
        "bitecs": "github:NateTheGreatt/bitECS",
        "lix": "github:antriel/lix.client"
      }
    },
    "node_modules/bitecs": {
      "version": "0.4.0",
      "resolved": "git+ssh://git@github.com/NateTheGreatt/bitECS.git#f29b1e653c69a3cacea30e253b05f9826502ed34",
      "license": "MPL-2.0"
    },
    "node_modules/lix": {
      "version": "15.12.1-64b",
      "resolved": "git+ssh://git@github.com/antriel/lix.client.git#38ac6268f685c434e197570337e0de831fb2a769",
      "hasInstallScript": true,
      "license": "MIT",
      "bin": {
        "haxe": "bin/haxeshim.js",
        "haxelib": "bin/haxelibshim.js",
        "lix": "bin/lix.js",
        "neko": "bin/nekoshim.js"
      }
    }
  },
  "dependencies": {
    "bitecs": {
      "version": "git+ssh://git@github.com/NateTheGreatt/bitECS.git#f29b1e653c69a3cacea30e253b05f9826502ed34",
      "from": "bitecs@github:NateTheGreatt/bitECS"
    },
    "lix": {
      "version": "git+ssh://git@github.com/antriel/lix.client.git#38ac6268f685c434e197570337e0de831fb2a769",
      "from": "lix@github:antriel/lix.client"
    }
  }
}
